PODS:
  - Kiwi/ARC (2.2.4)
  - Kiwi/NonARC (2.2.4)
  - Kiwi/XCTest (2.2.4):
    - Kiwi/ARC
    - Kiwi/NonARC
  - SWRevealViewController (2.0.0)

DEPENDENCIES:
  - Kiwi/XCTest (~> 2.2.4)
  - SWRevealViewController (~> 2.0.0)

SPEC CHECKSUMS:
  Kiwi: c73667f2b84cbf36f1a3830267c5a4ae8dcbd8ba
  SWRevealViewController: 1ef1b6a87e67c65491a2c51219f64c678e725d91

COCOAPODS: 0.33.1
