// !$*UTF8*$!
{
	archiveVersion = 1;
	classes = {
	};
	objectVersion = 46;
	objects = {

/* Begin PBXBuildFile section */
		0B2E7F9358974FDAA3EEA41D /* libPods-AOEPortTests.a in Frameworks */ = {isa = PBXBuildFile; fileRef = 65AF7DE555E142DAAD708135 /* libPods-AOEPortTests.a */; };
		C184B13AEF7967AE406EF3D6 /* LFCGzipUtility.m in Sources */ = {isa = PBXBuildFile; fileRef = C184B87B304B509F55695A77 /* LFCGzipUtility.m */; };
		C184B151209597F548BF1E6E /* Church.m in Sources */ = {isa = PBXBuildFile; fileRef = C184B54602E2FCC3961D5CE5 /* Church.m */; };
		C184B16D62084268170F9712 /* logo.png in Resources */ = {isa = PBXBuildFile; fileRef = C184B40E9E0F185F7F9981A1 /* logo.png */; };
		C184B1DCD13649280B83CF12 /* SplashScreenViewController.m in Sources */ = {isa = PBXBuildFile; fileRef = C184B734041C86EADBE5B7CB /* SplashScreenViewController.m */; };
		C184B2AA93AE03371A3C24DE /* JSTileMap.m in Sources */ = {isa = PBXBuildFile; fileRef = C184BE3C8945B51D35F9D73F /* JSTileMap.m */; };
		C184B2BB2F48273A120B02DB /* SKSpriteNode+SSKAnimation.m in Sources */ = {isa = PBXBuildFile; fileRef = C184BB29CE07BB3DA99EA935 /* SKSpriteNode+SSKAnimation.m */; };
		C184B2C98FC38723E7F781CE /* SKTUtils.mm in Sources */ = {isa = PBXBuildFile; fileRef = C184B5D553B80AA330AA081C /* SKTUtils.mm */; };
		C184B2DF753DF5E8F0B9DE34 /* Barracks.m in Sources */ = {isa = PBXBuildFile; fileRef = C184B8107863A9A22C5EEA10 /* Barracks.m */; };
		C184B2FE5D55B126DAD69E6A /* MainMenuTableViewCell.m in Sources */ = {isa = PBXBuildFile; fileRef = C184B78805CE5D5D7BEC623E /* MainMenuTableViewCell.m */; };
		C184B3054DB28E036A402AF0 /* tile32_256build.png in Resources */ = {isa = PBXBuildFile; fileRef = C184BDCA7518565072A49DBF /* tile32_256build.png */; };
		C184B3329468B0CF44B6631D /* GrassTile.m in Sources */ = {isa = PBXBuildFile; fileRef = C184B84048EB17524395B6A5 /* GrassTile.m */; };
		C184B363DBED6EC686B67FC3 /* Villager.m in Sources */ = {isa = PBXBuildFile; fileRef = C184BD0EA34E0E7D11E77152 /* Villager.m */; };
		C184B39D0C90FF5642CC0F41 /* TouchUtilities.m in Sources */ = {isa = PBXBuildFile; fileRef = C184B9C2B1104B20E1B03A73 /* TouchUtilities.m */; };
		C184B3E481074114A2BAFBFE /* spark.png in Resources */ = {isa = PBXBuildFile; fileRef = C184BBCED4A9653A30BC9FBF /* spark.png */; };
		C184B4172DD15E35CEE5B216 /* Builder_build.atlas in Resources */ = {isa = PBXBuildFile; fileRef = C184B2C59507C53E600D89E9 /* Builder_build.atlas */; };
		C184B4D33396F00EF1034C55 /* TownCenter.m in Sources */ = {isa = PBXBuildFile; fileRef = C184B8CA290A7E4CE160D2EC /* TownCenter.m */; };
		C184B4F2BF356A2B2C930650 /* tiles.atlas in Resources */ = {isa = PBXBuildFile; fileRef = C184B7350554D130573F205A /* tiles.atlas */; };
		C184B50B2E7D6CAD8489D5C7 /* Builder_walk.atlas in Resources */ = {isa = PBXBuildFile; fileRef = C184BFED6082F63B8E0DD633 /* Builder_walk.atlas */; };
		C184B51C77D45EFC417FFA77 /* debugMap.tmx in Resources */ = {isa = PBXBuildFile; fileRef = C184BF78B36B7B69DA78F498 /* debugMap.tmx */; };
		C184B5AC0E71CDD417E38A13 /* buildings256.atlasc in Resources */ = {isa = PBXBuildFile; fileRef = C184B2B628F0862CB8A3C930 /* buildings256.atlasc */; };
		C184B5AFE67477C1E41C1FDC /* SSKTileableNode.m in Sources */ = {isa = PBXBuildFile; fileRef = C184B1233908517431B7FA2B /* SSKTileableNode.m */; };
		C184B68241D4E8E2A98FE077 /* tiles32 in Resources */ = {isa = PBXBuildFile; fileRef = C184B8C0284FB7411A4FE876 /* tiles32 */; };
		C184B6A865CFD07EC53D87D9 /* SKEmitterNode+SKTExtras.m in Sources */ = {isa = PBXBuildFile; fileRef = C184BA74AEF4534CE31414DF /* SKEmitterNode+SKTExtras.m */; };
		C184B7999A00E12CEEBEBBBE /* icon in Resources */ = {isa = PBXBuildFile; fileRef = C184BF70B559CB8F6576AF59 /* icon */; };
		C184B7A1F85E0FE14A5FF410 /* SSKMultiLineLabelNode.m in Sources */ = {isa = PBXBuildFile; fileRef = C184B0330AA52BBC75837B5A /* SSKMultiLineLabelNode.m */; };
		C184B7CC402104CEF110F4F0 /* SKTAudio.m in Sources */ = {isa = PBXBuildFile; fileRef = C184BF621D7F91B3C887BDFB /* SKTAudio.m */; };
		C184B7EC1651AA7B4976D111 /* MyParticle.sks in Resources */ = {isa = PBXBuildFile; fileRef = C184B0C9D97C53A156FA140E /* MyParticle.sks */; };
		C184B7FDB172C387865587CD /* GameViewController.m in Sources */ = {isa = PBXBuildFile; fileRef = C184B17FEF2A6E7C6B1ADDF5 /* GameViewController.m */; };
		C184B80E477B842244C61F17 /* resources_map1.tmx in Resources */ = {isa = PBXBuildFile; fileRef = C184BA28E85B99B64F839AFD /* resources_map1.tmx */; };
		C184B851714ED2D96FB9D221 /* Tree.m in Sources */ = {isa = PBXBuildFile; fileRef = C184BD44D000E995FFD1E28E /* Tree.m */; };
		C184B8B2FCC4481DECD70893 /* isoMap.tmx in Resources */ = {isa = PBXBuildFile; fileRef = C184B707DFC3E0B3B5940F74 /* isoMap.tmx */; };
		C184B92CD9C8401437EDAF7E /* SnowTile.m in Sources */ = {isa = PBXBuildFile; fileRef = C184B0BE9D19B4441003676A /* SnowTile.m */; };
		C184B92D4C90AA4B6BC79E19 /* AppDelegate.m in Sources */ = {isa = PBXBuildFile; fileRef = C184B0E4F70FB0A4FE9FFCB5 /* AppDelegate.m */; };
		C184B9409237358172690560 /* SSKStretchableNode.m in Sources */ = {isa = PBXBuildFile; fileRef = C184BB11A13AADE821547E93 /* SSKStretchableNode.m */; };
		C184B96D9604D88EBEF2C6EB /* Wall.m in Sources */ = {isa = PBXBuildFile; fileRef = C184B83C39B89964BA7CC148 /* Wall.m */; };
		C184B99DF083BEAF858FEBBC /* DirtTile.m in Sources */ = {isa = PBXBuildFile; fileRef = C184B64217F2E85A177134C3 /* DirtTile.m */; };
		C184B9B526515A61529CF74F /* DrawDebugger.m in Sources */ = {isa = PBXBuildFile; fileRef = C184B53E27836BD3CB24C061 /* DrawDebugger.m */; };
		C184B9EC32FE5670D8C93D7A /* MenuItemTableViewCell.m in Sources */ = {isa = PBXBuildFile; fileRef = C184BC789E54C0C18634C3B5 /* MenuItemTableViewCell.m */; };
		C184BAA83363C05FBF705920 /* RootViewController.m in Sources */ = {isa = PBXBuildFile; fileRef = C184BF37C81288FCCE11CA08 /* RootViewController.m */; };
		C184BB7DB4E784FEF3A87CB9 /* tile32_256build.tmx in Resources */ = {isa = PBXBuildFile; fileRef = C184B6E41B33E796BA3965FF /* tile32_256build.tmx */; };
		C184BBD3A6D52E6EB487728C /* buildings.atlas in Resources */ = {isa = PBXBuildFile; fileRef = C184B015FC9EF0FE8CDAB3CF /* buildings.atlas */; };
		C184BC2E9F8E0DF93A208C5D /* MainMenuViewController.m in Sources */ = {isa = PBXBuildFile; fileRef = C184B7914E8C16937FC6E13E /* MainMenuViewController.m */; };
		C184BCB26B5CCC0F2E5A2C4F /* MenuScene.m in Sources */ = {isa = PBXBuildFile; fileRef = C184BD04AF0D1596BBCE7B8B /* MenuScene.m */; };
		C184BCCB4724A3BF3B0F45B4 /* SKNode+SKTExtras.m in Sources */ = {isa = PBXBuildFile; fileRef = C184B9E34435A478095C1E29 /* SKNode+SKTExtras.m */; };
		C184BD03DD1FBCC508401B41 /* SideBarMenuViewController.m in Sources */ = {isa = PBXBuildFile; fileRef = C184B61FFFC53E100197FDAD /* SideBarMenuViewController.m */; };
		C184BD8FF7821A4CEE6AF401 /* Tile.m in Sources */ = {isa = PBXBuildFile; fileRef = C184B51A482CA41C0701FBE6 /* Tile.m */; };
		C184BDAAD3D569016A34BC66 /* Building.m in Sources */ = {isa = PBXBuildFile; fileRef = C184BB1AA6DA45FD308E103B /* Building.m */; };
		C184BDE193C3784E03F5FFAF /* Unit.m in Sources */ = {isa = PBXBuildFile; fileRef = C184B7832A16A91DD5C104BB /* Unit.m */; };
		C184BE0C514048A5E5CAC61F /* SandTile.m in Sources */ = {isa = PBXBuildFile; fileRef = C184B7EC289CDAC01F72C4F9 /* SandTile.m */; };
		C184BE3C8BC7E3EB4774F3A7 /* MyScene.m in Sources */ = {isa = PBXBuildFile; fileRef = C184BB35138BD183D17ED408 /* MyScene.m */; };
		C184BE7C299064A8FD063F93 /* trees.atlas in Resources */ = {isa = PBXBuildFile; fileRef = C184B80E1BEFFFCE4B88D416 /* trees.atlas */; };
		C184BECAB8254FFAEBD1553A /* SKAction+SKTExtras.m in Sources */ = {isa = PBXBuildFile; fileRef = C184B054FD87B78C6ECF7F68 /* SKAction+SKTExtras.m */; };
		C184BF3C58242275228657BD /* TouchHandlers.m in Sources */ = {isa = PBXBuildFile; fileRef = C184BAEEDDF116C0C137704E /* TouchHandlers.m */; };
		C184BFB9F939A9EB09DDE05C /* Builder.m in Sources */ = {isa = PBXBuildFile; fileRef = C184B3C2584F81E771A4BFAF /* Builder.m */; };
		C828D4311905D9ED00069403 /* resources_map.tmx in Resources */ = {isa = PBXBuildFile; fileRef = C828D4301905D9ED00069403 /* resources_map.tmx */; };
		C828D4361905DBD900069403 /* map_resources in Resources */ = {isa = PBXBuildFile; fileRef = C828D4351905DBD900069403 /* map_resources */; };
		C83D0CBC1904B99B00D0DD44 /* hammer.png in Resources */ = {isa = PBXBuildFile; fileRef = C83D0CBA1904B99B00D0DD44 /* hammer.png */; };
		C83D0CBD1904B99B00D0DD44 /* splash.png in Resources */ = {isa = PBXBuildFile; fileRef = C83D0CBB1904B99B00D0DD44 /* splash.png */; };
		C84CA74A18A6B7940006AD27 /* libz.dylib in Frameworks */ = {isa = PBXBuildFile; fileRef = C84CA74918A6B7940006AD27 /* libz.dylib */; };
		C860896918ABF6D100810C1A /* Images.xcassets in Resources */ = {isa = PBXBuildFile; fileRef = C860896818ABF6D100810C1A /* Images.xcassets */; };
		C87E312318FD7C430034C290 /* miltarybuilds.atlas in Resources */ = {isa = PBXBuildFile; fileRef = C87E312218FD7C430034C290 /* miltarybuilds.atlas */; };
		C8933AFB18A1597500116A26 /* Foundation.framework in Frameworks */ = {isa = PBXBuildFile; fileRef = C8933AFA18A1597500116A26 /* Foundation.framework */; };
		C8933AFD18A1597500116A26 /* CoreGraphics.framework in Frameworks */ = {isa = PBXBuildFile; fileRef = C8933AFC18A1597500116A26 /* CoreGraphics.framework */; };
		C8933AFF18A1597500116A26 /* UIKit.framework in Frameworks */ = {isa = PBXBuildFile; fileRef = C8933AFE18A1597500116A26 /* UIKit.framework */; };
		C8933B0118A1597500116A26 /* SpriteKit.framework in Frameworks */ = {isa = PBXBuildFile; fileRef = C8933B0018A1597500116A26 /* SpriteKit.framework */; };
		C8933B0718A1597500116A26 /* InfoPlist.strings in Resources */ = {isa = PBXBuildFile; fileRef = C8933B0518A1597500116A26 /* InfoPlist.strings */; };
		C8933B0918A1597500116A26 /* main.m in Sources */ = {isa = PBXBuildFile; fileRef = C8933B0818A1597500116A26 /* main.m */; };
		C8933B2418A1597500116A26 /* XCTest.framework in Frameworks */ = {isa = PBXBuildFile; fileRef = C8933B2318A1597500116A26 /* XCTest.framework */; };
		C8933B2518A1597500116A26 /* Foundation.framework in Frameworks */ = {isa = PBXBuildFile; fileRef = C8933AFA18A1597500116A26 /* Foundation.framework */; };
		C8933B2618A1597500116A26 /* UIKit.framework in Frameworks */ = {isa = PBXBuildFile; fileRef = C8933AFE18A1597500116A26 /* UIKit.framework */; };
		C8933B2E18A1597500116A26 /* InfoPlist.strings in Resources */ = {isa = PBXBuildFile; fileRef = C8933B2C18A1597500116A26 /* InfoPlist.strings */; };
		C8933B3018A1597500116A26 /* Age_of_Empires_PortTests.m in Sources */ = {isa = PBXBuildFile; fileRef = C8933B2F18A1597500116A26 /* Age_of_Empires_PortTests.m */; };
		C89C76E518FB609A003379E6 /* libPods-AOEPortTests-SWRevealViewController.a in Frameworks */ = {isa = PBXBuildFile; fileRef = C89C76E418FB609A003379E6 /* libPods-AOEPortTests-SWRevealViewController.a */; };
		C8A9CA7A190171EF00AA2BE0 /* parchment.png in Resources */ = {isa = PBXBuildFile; fileRef = C8A9CA79190171EF00AA2BE0 /* parchment.png */; };
		C8BDA28E18FEEC92005E029C /* 10375043.png in Resources */ = {isa = PBXBuildFile; fileRef = C8BDA28D18FEEC92005E029C /* 10375043.png */; };
		C8D1786518AC3B9500866DEF /* TileMapLayer.m in Sources */ = {isa = PBXBuildFile; fileRef = C8D1786218AC3B9500866DEF /* TileMapLayer.m */; };
		C8D1786618AC3B9500866DEF /* TmxTileMapLayer.m in Sources */ = {isa = PBXBuildFile; fileRef = C8D1786418AC3B9500866DEF /* TmxTileMapLayer.m */; };
		C8D4E478190566FA008977BA /* Main_iPhone.storyboard in Resources */ = {isa = PBXBuildFile; fileRef = C8D4E476190566FA008977BA /* Main_iPhone.storyboard */; };
		C8E5C1BF1902FDBA00AD2BB0 /* MagicParticles.sks in Resources */ = {isa = PBXBuildFile; fileRef = C8E5C1BE1902FDBA00AD2BB0 /* MagicParticles.sks */; };
		C8E5C1C11902FEC700AD2BB0 /* Spark.sks in Resources */ = {isa = PBXBuildFile; fileRef = C8E5C1C01902FEC700AD2BB0 /* Spark.sks */; };
		C8FDF8251902FF4500569257 /* Smoke.sks in Resources */ = {isa = PBXBuildFile; fileRef = C8FDF8241902FF4500569257 /* Smoke.sks */; };
		C8FDF8281902FF6800569257 /* Bokeh.sks in Resources */ = {isa = PBXBuildFile; fileRef = C8FDF8261902FF6800569257 /* Bokeh.sks */; };
		C8FDF8291902FF6800569257 /* bokeh.png in Resources */ = {isa = PBXBuildFile; fileRef = C8FDF8271902FF6800569257 /* bokeh.png */; };
/* End PBXBuildFile section */

/* Begin PBXContainerItemProxy section */
		C8933B2718A1597500116A26 /* PBXContainerItemProxy */ = {
			isa = PBXContainerItemProxy;
			containerPortal = C8933AEF18A1597500116A26 /* Project object */;
			proxyType = 1;
			remoteGlobalIDString = C8933AF618A1597500116A26;
			remoteInfo = "Age of Empires Port";
		};
/* End PBXContainerItemProxy section */

/* Begin PBXFileReference section */
		65AF7DE555E142DAAD708135 /* libPods-AOEPortTests.a */ = {isa = PBXFileReference; explicitFileType = archive.ar; includeInIndex = 0; path = "libPods-AOEPortTests.a"; sourceTree = BUILT_PRODUCTS_DIR; };
		8407EBC5736B4A96BB52C20E /* Pods-AOEPortTests.xcconfig */ = {isa = PBXFileReference; includeInIndex = 1; lastKnownFileType = text.xcconfig; name = "Pods-AOEPortTests.xcconfig"; path = "Pods/Pods-AOEPortTests.xcconfig"; sourceTree = "<group>"; };
		C184B002F9C029095C56772B /* SideBarMenuViewController.h */ = {isa = PBXFileReference; fileEncoding = 4; lastKnownFileType = sourcecode.c.h; path = SideBarMenuViewController.h; sourceTree = "<group>"; };
		C184B015FC9EF0FE8CDAB3CF /* buildings.atlas */ = {isa = PBXFileReference; lastKnownFileType = folder.skatlas; path = buildings.atlas; sourceTree = "<group>"; };
		C184B0330AA52BBC75837B5A /* SSKMultiLineLabelNode.m */ = {isa = PBXFileReference; fileEncoding = 4; lastKnownFileType = sourcecode.c.objc; path = SSKMultiLineLabelNode.m; sourceTree = "<group>"; };
		C184B04EAC9AC160A89639E9 /* SSKMultiLineLabelNode.h */ = {isa = PBXFileReference; fileEncoding = 4; lastKnownFileType = sourcecode.c.h; path = SSKMultiLineLabelNode.h; sourceTree = "<group>"; };
		C184B054FD87B78C6ECF7F68 /* SKAction+SKTExtras.m */ = {isa = PBXFileReference; fileEncoding = 4; lastKnownFileType = sourcecode.c.objc; path = "SKAction+SKTExtras.m"; sourceTree = "<group>"; };
		C184B090C54B0D45832D1F0A /* SKSpriteNode+SSKAnimation.h */ = {isa = PBXFileReference; fileEncoding = 4; lastKnownFileType = sourcecode.c.h; path = "SKSpriteNode+SSKAnimation.h"; sourceTree = "<group>"; };
		C184B0BE9D19B4441003676A /* SnowTile.m */ = {isa = PBXFileReference; fileEncoding = 4; lastKnownFileType = sourcecode.c.objc; path = SnowTile.m; sourceTree = "<group>"; };
		C184B0C9D97C53A156FA140E /* MyParticle.sks */ = {isa = PBXFileReference; lastKnownFileType = file.sks; path = MyParticle.sks; sourceTree = "<group>"; };
		C184B0D2BE8C1B942544FC15 /* LFCGzipUtility.h */ = {isa = PBXFileReference; fileEncoding = 4; lastKnownFileType = sourcecode.c.h; path = LFCGzipUtility.h; sourceTree = "<group>"; };
		C184B0E4F70FB0A4FE9FFCB5 /* AppDelegate.m */ = {isa = PBXFileReference; fileEncoding = 4; lastKnownFileType = sourcecode.c.objc; path = AppDelegate.m; sourceTree = "<group>"; };
		C184B10E51D988D5A12DB579 /* RootViewController.h */ = {isa = PBXFileReference; fileEncoding = 4; lastKnownFileType = sourcecode.c.h; path = RootViewController.h; sourceTree = "<group>"; };
		C184B1233908517431B7FA2B /* SSKTileableNode.m */ = {isa = PBXFileReference; fileEncoding = 4; lastKnownFileType = sourcecode.c.objc; path = SSKTileableNode.m; sourceTree = "<group>"; };
		C184B17FEF2A6E7C6B1ADDF5 /* GameViewController.m */ = {isa = PBXFileReference; fileEncoding = 4; lastKnownFileType = sourcecode.c.objc; path = GameViewController.m; sourceTree = "<group>"; };
		C184B1FA098CD8B94A27C199 /* Tile.h */ = {isa = PBXFileReference; fileEncoding = 4; lastKnownFileType = sourcecode.c.h; path = Tile.h; sourceTree = "<group>"; };
		C184B213F2E5560342506F70 /* TouchHandlers.h */ = {isa = PBXFileReference; fileEncoding = 4; lastKnownFileType = sourcecode.c.h; path = TouchHandlers.h; sourceTree = "<group>"; };
		C184B2A05F844BCCBE9D2E29 /* SSKStretchableNode.h */ = {isa = PBXFileReference; fileEncoding = 4; lastKnownFileType = sourcecode.c.h; path = SSKStretchableNode.h; sourceTree = "<group>"; };
		C184B2B628F0862CB8A3C930 /* buildings256.atlasc */ = {isa = PBXFileReference; lastKnownFileType = folder; path = buildings256.atlasc; sourceTree = "<group>"; };
		C184B2C59507C53E600D89E9 /* Builder_build.atlas */ = {isa = PBXFileReference; lastKnownFileType = folder.skatlas; path = Builder_build.atlas; sourceTree = "<group>"; };
		C184B39A67DA000FB5A92B17 /* Builder.h */ = {isa = PBXFileReference; fileEncoding = 4; lastKnownFileType = sourcecode.c.h; path = Builder.h; sourceTree = "<group>"; };
		C184B3C2584F81E771A4BFAF /* Builder.m */ = {isa = PBXFileReference; fileEncoding = 4; lastKnownFileType = sourcecode.c.objc; path = Builder.m; sourceTree = "<group>"; };
		C184B3D8A66D8E862F9B8FB3 /* MainMenuViewController.h */ = {isa = PBXFileReference; fileEncoding = 4; lastKnownFileType = sourcecode.c.h; path = MainMenuViewController.h; sourceTree = "<group>"; };
		C184B40E9E0F185F7F9981A1 /* logo.png */ = {isa = PBXFileReference; lastKnownFileType = image.png; path = logo.png; sourceTree = "<group>"; };
		C184B44C8FB712024682E62E /* Constants.h */ = {isa = PBXFileReference; fileEncoding = 4; lastKnownFileType = sourcecode.c.h; path = Constants.h; sourceTree = "<group>"; };
		C184B46EC3D9CAC1A9886822 /* GameViewController.h */ = {isa = PBXFileReference; fileEncoding = 4; lastKnownFileType = sourcecode.c.h; path = GameViewController.h; sourceTree = "<group>"; };
		C184B4B6509083B0514338E7 /* SKTAudio.h */ = {isa = PBXFileReference; fileEncoding = 4; lastKnownFileType = sourcecode.c.h; path = SKTAudio.h; sourceTree = "<group>"; };
		C184B51A482CA41C0701FBE6 /* Tile.m */ = {isa = PBXFileReference; fileEncoding = 4; lastKnownFileType = sourcecode.c.objc; path = Tile.m; sourceTree = "<group>"; };
		C184B53E27836BD3CB24C061 /* DrawDebugger.m */ = {isa = PBXFileReference; fileEncoding = 4; lastKnownFileType = sourcecode.c.objc; path = DrawDebugger.m; sourceTree = "<group>"; };
		C184B54602E2FCC3961D5CE5 /* Church.m */ = {isa = PBXFileReference; fileEncoding = 4; lastKnownFileType = sourcecode.c.objc; path = Church.m; sourceTree = "<group>"; };
		C184B5ACBE628E963209D825 /* SKTUtils.h */ = {isa = PBXFileReference; fileEncoding = 4; lastKnownFileType = sourcecode.c.h; path = SKTUtils.h; sourceTree = "<group>"; };
		C184B5BF953C80EEE3B6B022 /* Building.h */ = {isa = PBXFileReference; fileEncoding = 4; lastKnownFileType = sourcecode.c.h; path = Building.h; sourceTree = "<group>"; };
		C184B5D553B80AA330AA081C /* SKTUtils.mm */ = {isa = PBXFileReference; fileEncoding = 4; lastKnownFileType = sourcecode.cpp.objcpp; path = SKTUtils.mm; sourceTree = "<group>"; };
		C184B6047FAEFBF25E672F69 /* Wall.h */ = {isa = PBXFileReference; fileEncoding = 4; lastKnownFileType = sourcecode.c.h; path = Wall.h; sourceTree = "<group>"; };
		C184B61FFFC53E100197FDAD /* SideBarMenuViewController.m */ = {isa = PBXFileReference; fileEncoding = 4; lastKnownFileType = sourcecode.c.objc; path = SideBarMenuViewController.m; sourceTree = "<group>"; };
		C184B64217F2E85A177134C3 /* DirtTile.m */ = {isa = PBXFileReference; fileEncoding = 4; lastKnownFileType = sourcecode.c.objc; path = DirtTile.m; sourceTree = "<group>"; };
		C184B6572EB33C8BBBE04967 /* TownCenter.h */ = {isa = PBXFileReference; fileEncoding = 4; lastKnownFileType = sourcecode.c.h; path = TownCenter.h; sourceTree = "<group>"; };
		C184B69AA29F96CA8443C726 /* SSKMultiplatform.h */ = {isa = PBXFileReference; fileEncoding = 4; lastKnownFileType = sourcecode.c.h; path = SSKMultiplatform.h; sourceTree = "<group>"; };
		C184B6B993F9A85D4EFABC77 /* SplashScreenViewController.h */ = {isa = PBXFileReference; fileEncoding = 4; lastKnownFileType = sourcecode.c.h; path = SplashScreenViewController.h; sourceTree = "<group>"; };
		C184B6E41B33E796BA3965FF /* tile32_256build.tmx */ = {isa = PBXFileReference; lastKnownFileType = file.tmx; path = tile32_256build.tmx; sourceTree = "<group>"; };
		C184B707DFC3E0B3B5940F74 /* isoMap.tmx */ = {isa = PBXFileReference; lastKnownFileType = file.tmx; path = isoMap.tmx; sourceTree = "<group>"; };
		C184B734041C86EADBE5B7CB /* SplashScreenViewController.m */ = {isa = PBXFileReference; fileEncoding = 4; lastKnownFileType = sourcecode.c.objc; path = SplashScreenViewController.m; sourceTree = "<group>"; };
		C184B7350554D130573F205A /* tiles.atlas */ = {isa = PBXFileReference; lastKnownFileType = folder.skatlas; path = tiles.atlas; sourceTree = "<group>"; };
		C184B7832A16A91DD5C104BB /* Unit.m */ = {isa = PBXFileReference; fileEncoding = 4; lastKnownFileType = sourcecode.c.objc; path = Unit.m; sourceTree = "<group>"; };
		C184B786F9CB8566B73BC9D4 /* DrawDebugger.h */ = {isa = PBXFileReference; fileEncoding = 4; lastKnownFileType = sourcecode.c.h; path = DrawDebugger.h; sourceTree = "<group>"; };
		C184B78805CE5D5D7BEC623E /* MainMenuTableViewCell.m */ = {isa = PBXFileReference; fileEncoding = 4; lastKnownFileType = sourcecode.c.objc; path = MainMenuTableViewCell.m; sourceTree = "<group>"; };
		C184B7914E8C16937FC6E13E /* MainMenuViewController.m */ = {isa = PBXFileReference; fileEncoding = 4; lastKnownFileType = sourcecode.c.objc; path = MainMenuViewController.m; sourceTree = "<group>"; };
		C184B7EC289CDAC01F72C4F9 /* SandTile.m */ = {isa = PBXFileReference; fileEncoding = 4; lastKnownFileType = sourcecode.c.objc; path = SandTile.m; sourceTree = "<group>"; };
		C184B80E1BEFFFCE4B88D416 /* trees.atlas */ = {isa = PBXFileReference; lastKnownFileType = folder.skatlas; path = trees.atlas; sourceTree = "<group>"; };
		C184B8107863A9A22C5EEA10 /* Barracks.m */ = {isa = PBXFileReference; fileEncoding = 4; lastKnownFileType = sourcecode.c.objc; path = Barracks.m; sourceTree = "<group>"; };
		C184B82BEEE8A85137D88086 /* Barracks.h */ = {isa = PBXFileReference; fileEncoding = 4; lastKnownFileType = sourcecode.c.h; path = Barracks.h; sourceTree = "<group>"; };
		C184B83C39B89964BA7CC148 /* Wall.m */ = {isa = PBXFileReference; fileEncoding = 4; lastKnownFileType = sourcecode.c.objc; path = Wall.m; sourceTree = "<group>"; };
		C184B83CA2C8B0858AC51CFB /* TouchUtilities.h */ = {isa = PBXFileReference; fileEncoding = 4; lastKnownFileType = sourcecode.c.h; path = TouchUtilities.h; sourceTree = "<group>"; };
		C184B84048EB17524395B6A5 /* GrassTile.m */ = {isa = PBXFileReference; fileEncoding = 4; lastKnownFileType = sourcecode.c.objc; path = GrassTile.m; sourceTree = "<group>"; };
		C184B87B304B509F55695A77 /* LFCGzipUtility.m */ = {isa = PBXFileReference; fileEncoding = 4; lastKnownFileType = sourcecode.c.objc; path = LFCGzipUtility.m; sourceTree = "<group>"; };
		C184B8C0284FB7411A4FE876 /* tiles32 */ = {isa = PBXFileReference; fileEncoding = 4; lastKnownFileType = folder; path = tiles32; sourceTree = "<group>"; };
		C184B8CA290A7E4CE160D2EC /* TownCenter.m */ = {isa = PBXFileReference; fileEncoding = 4; lastKnownFileType = sourcecode.c.objc; path = TownCenter.m; sourceTree = "<group>"; };
		C184B9278B90FC42D524A02F /* GrassTile.h */ = {isa = PBXFileReference; fileEncoding = 4; lastKnownFileType = sourcecode.c.h; path = GrassTile.h; sourceTree = "<group>"; };
		C184B987DCAE6146F5592A29 /* JSTileMap.h */ = {isa = PBXFileReference; fileEncoding = 4; lastKnownFileType = sourcecode.c.h; path = JSTileMap.h; sourceTree = "<group>"; };
		C184B9C2B1104B20E1B03A73 /* TouchUtilities.m */ = {isa = PBXFileReference; fileEncoding = 4; lastKnownFileType = sourcecode.c.objc; path = TouchUtilities.m; sourceTree = "<group>"; };
		C184B9E34435A478095C1E29 /* SKNode+SKTExtras.m */ = {isa = PBXFileReference; fileEncoding = 4; lastKnownFileType = sourcecode.c.objc; path = "SKNode+SKTExtras.m"; sourceTree = "<group>"; };
		C184BA1A8A2AB3E177D9F15D /* MainMenuTableViewCell.h */ = {isa = PBXFileReference; fileEncoding = 4; lastKnownFileType = sourcecode.c.h; path = MainMenuTableViewCell.h; sourceTree = "<group>"; };
		C184BA28E85B99B64F839AFD /* resources_map1.tmx */ = {isa = PBXFileReference; lastKnownFileType = file.tmx; path = resources_map1.tmx; sourceTree = "<group>"; };
		C184BA74AEF4534CE31414DF /* SKEmitterNode+SKTExtras.m */ = {isa = PBXFileReference; fileEncoding = 4; lastKnownFileType = sourcecode.c.objc; path = "SKEmitterNode+SKTExtras.m"; sourceTree = "<group>"; };
		C184BA788627AEAFC1E89EC5 /* AppDelegate.h */ = {isa = PBXFileReference; fileEncoding = 4; lastKnownFileType = sourcecode.c.h; path = AppDelegate.h; sourceTree = "<group>"; };
		C184BA9FD33A002539C04118 /* Tree.h */ = {isa = PBXFileReference; fileEncoding = 4; lastKnownFileType = sourcecode.c.h; path = Tree.h; sourceTree = "<group>"; };
		C184BAA2618560AF881CA62C /* SKAction+SKTExtras.h */ = {isa = PBXFileReference; fileEncoding = 4; lastKnownFileType = sourcecode.c.h; path = "SKAction+SKTExtras.h"; sourceTree = "<group>"; };
		C184BAD1D5FA56778BBE95FE /* SKEmitterNode+SKTExtras.h */ = {isa = PBXFileReference; fileEncoding = 4; lastKnownFileType = sourcecode.c.h; path = "SKEmitterNode+SKTExtras.h"; sourceTree = "<group>"; };
		C184BAEEDDF116C0C137704E /* TouchHandlers.m */ = {isa = PBXFileReference; fileEncoding = 4; lastKnownFileType = sourcecode.c.objc; path = TouchHandlers.m; sourceTree = "<group>"; };
		C184BB0227833EBC0E351008 /* SandTile.h */ = {isa = PBXFileReference; fileEncoding = 4; lastKnownFileType = sourcecode.c.h; path = SandTile.h; sourceTree = "<group>"; };
		C184BB11A13AADE821547E93 /* SSKStretchableNode.m */ = {isa = PBXFileReference; fileEncoding = 4; lastKnownFileType = sourcecode.c.objc; path = SSKStretchableNode.m; sourceTree = "<group>"; };
		C184BB1AA6DA45FD308E103B /* Building.m */ = {isa = PBXFileReference; fileEncoding = 4; lastKnownFileType = sourcecode.c.objc; path = Building.m; sourceTree = "<group>"; };
		C184BB1E4321CB76CF2A0725 /* SKNode+SKTExtras.h */ = {isa = PBXFileReference; fileEncoding = 4; lastKnownFileType = sourcecode.c.h; path = "SKNode+SKTExtras.h"; sourceTree = "<group>"; };
		C184BB29CE07BB3DA99EA935 /* SKSpriteNode+SSKAnimation.m */ = {isa = PBXFileReference; fileEncoding = 4; lastKnownFileType = sourcecode.c.objc; path = "SKSpriteNode+SSKAnimation.m"; sourceTree = "<group>"; };
		C184BB35138BD183D17ED408 /* MyScene.m */ = {isa = PBXFileReference; fileEncoding = 4; lastKnownFileType = sourcecode.c.objc; path = MyScene.m; sourceTree = "<group>"; };
		C184BBCED4A9653A30BC9FBF /* spark.png */ = {isa = PBXFileReference; lastKnownFileType = image.png; path = spark.png; sourceTree = "<group>"; };
		C184BC0414CFC372EBA241C9 /* Unit.h */ = {isa = PBXFileReference; fileEncoding = 4; lastKnownFileType = sourcecode.c.h; path = Unit.h; sourceTree = "<group>"; };
		C184BC068F859A1E3EF5B099 /* MenuScene.h */ = {isa = PBXFileReference; fileEncoding = 4; lastKnownFileType = sourcecode.c.h; path = MenuScene.h; sourceTree = "<group>"; };
		C184BC41FD8541A6CA6FFF37 /* SnowTile.h */ = {isa = PBXFileReference; fileEncoding = 4; lastKnownFileType = sourcecode.c.h; path = SnowTile.h; sourceTree = "<group>"; };
		C184BC789E54C0C18634C3B5 /* MenuItemTableViewCell.m */ = {isa = PBXFileReference; fileEncoding = 4; lastKnownFileType = sourcecode.c.objc; path = MenuItemTableViewCell.m; sourceTree = "<group>"; };
		C184BCFDAF2529A294D250DA /* Church.h */ = {isa = PBXFileReference; fileEncoding = 4; lastKnownFileType = sourcecode.c.h; path = Church.h; sourceTree = "<group>"; };
		C184BD04AF0D1596BBCE7B8B /* MenuScene.m */ = {isa = PBXFileReference; fileEncoding = 4; lastKnownFileType = sourcecode.c.objc; path = MenuScene.m; sourceTree = "<group>"; };
		C184BD0EA34E0E7D11E77152 /* Villager.m */ = {isa = PBXFileReference; fileEncoding = 4; lastKnownFileType = sourcecode.c.objc; path = Villager.m; sourceTree = "<group>"; };
		C184BD44D000E995FFD1E28E /* Tree.m */ = {isa = PBXFileReference; fileEncoding = 4; lastKnownFileType = sourcecode.c.objc; path = Tree.m; sourceTree = "<group>"; };
		C184BDCA7518565072A49DBF /* tile32_256build.png */ = {isa = PBXFileReference; lastKnownFileType = image.png; path = tile32_256build.png; sourceTree = "<group>"; };
		C184BE3C8945B51D35F9D73F /* JSTileMap.m */ = {isa = PBXFileReference; fileEncoding = 4; lastKnownFileType = sourcecode.c.objc; path = JSTileMap.m; sourceTree = "<group>"; };
		C184BE91A8A58A926DADC313 /* Age of Empires Port-Prefix.pch */ = {isa = PBXFileReference; fileEncoding = 4; lastKnownFileType = sourcecode.c.h; path = "Age of Empires Port-Prefix.pch"; sourceTree = "<group>"; };
		C184BE956F0627B234AAB296 /* MyScene.h */ = {isa = PBXFileReference; fileEncoding = 4; lastKnownFileType = sourcecode.c.h; path = MyScene.h; sourceTree = "<group>"; };
		C184BF37C81288FCCE11CA08 /* RootViewController.m */ = {isa = PBXFileReference; fileEncoding = 4; lastKnownFileType = sourcecode.c.objc; path = RootViewController.m; sourceTree = "<group>"; };
		C184BF40E9A2FBD4281EE81F /* DirtTile.h */ = {isa = PBXFileReference; fileEncoding = 4; lastKnownFileType = sourcecode.c.h; path = DirtTile.h; sourceTree = "<group>"; };
		C184BF427400145F094F184F /* Villager.h */ = {isa = PBXFileReference; fileEncoding = 4; lastKnownFileType = sourcecode.c.h; path = Villager.h; sourceTree = "<group>"; };
		C184BF621D7F91B3C887BDFB /* SKTAudio.m */ = {isa = PBXFileReference; fileEncoding = 4; lastKnownFileType = sourcecode.c.objc; path = SKTAudio.m; sourceTree = "<group>"; };
		C184BF6554B3F44AC0F73F34 /* MenuItemTableViewCell.h */ = {isa = PBXFileReference; fileEncoding = 4; lastKnownFileType = sourcecode.c.h; path = MenuItemTableViewCell.h; sourceTree = "<group>"; };
		C184BF6DBA3AB30CA283F924 /* SSKTileableNode.h */ = {isa = PBXFileReference; fileEncoding = 4; lastKnownFileType = sourcecode.c.h; path = SSKTileableNode.h; sourceTree = "<group>"; };
		C184BF70B559CB8F6576AF59 /* icon */ = {isa = PBXFileReference; fileEncoding = 4; lastKnownFileType = folder; path = icon; sourceTree = "<group>"; };
		C184BF78B36B7B69DA78F498 /* debugMap.tmx */ = {isa = PBXFileReference; lastKnownFileType = file.tmx; path = debugMap.tmx; sourceTree = "<group>"; };
		C184BFED6082F63B8E0DD633 /* Builder_walk.atlas */ = {isa = PBXFileReference; lastKnownFileType = folder.skatlas; path = Builder_walk.atlas; sourceTree = "<group>"; };
		C828D4301905D9ED00069403 /* resources_map.tmx */ = {isa = PBXFileReference; fileEncoding = 4; lastKnownFileType = text.xml; path = resources_map.tmx; sourceTree = "<group>"; };
		C828D4351905DBD900069403 /* map_resources */ = {isa = PBXFileReference; lastKnownFileType = folder; path = map_resources; sourceTree = "<group>"; };
		C83D0CBA1904B99B00D0DD44 /* hammer.png */ = {isa = PBXFileReference; lastKnownFileType = image.png; path = hammer.png; sourceTree = "<group>"; };
		C83D0CBB1904B99B00D0DD44 /* splash.png */ = {isa = PBXFileReference; lastKnownFileType = image.png; path = splash.png; sourceTree = "<group>"; };
		C84CA74918A6B7940006AD27 /* libz.dylib */ = {isa = PBXFileReference; lastKnownFileType = "compiled.mach-o.dylib"; name = libz.dylib; path = usr/lib/libz.dylib; sourceTree = SDKROOT; };
		C860896818ABF6D100810C1A /* Images.xcassets */ = {isa = PBXFileReference; lastKnownFileType = folder.assetcatalog; path = Images.xcassets; sourceTree = "<group>"; };
		C87E312218FD7C430034C290 /* miltarybuilds.atlas */ = {isa = PBXFileReference; lastKnownFileType = folder.skatlas; path = miltarybuilds.atlas; sourceTree = "<group>"; };
		C8933AF718A1597500116A26 /* AOEPort.app */ = {isa = PBXFileReference; explicitFileType = wrapper.application; includeInIndex = 0; path = AOEPort.app; sourceTree = BUILT_PRODUCTS_DIR; };
		C8933AFA18A1597500116A26 /* Foundation.framework */ = {isa = PBXFileReference; lastKnownFileType = wrapper.framework; name = Foundation.framework; path = System/Library/Frameworks/Foundation.framework; sourceTree = SDKROOT; };
		C8933AFC18A1597500116A26 /* CoreGraphics.framework */ = {isa = PBXFileReference; lastKnownFileType = wrapper.framework; name = CoreGraphics.framework; path = System/Library/Frameworks/CoreGraphics.framework; sourceTree = SDKROOT; };
		C8933AFE18A1597500116A26 /* UIKit.framework */ = {isa = PBXFileReference; lastKnownFileType = wrapper.framework; name = UIKit.framework; path = System/Library/Frameworks/UIKit.framework; sourceTree = SDKROOT; };
		C8933B0018A1597500116A26 /* SpriteKit.framework */ = {isa = PBXFileReference; lastKnownFileType = wrapper.framework; name = SpriteKit.framework; path = System/Library/Frameworks/SpriteKit.framework; sourceTree = SDKROOT; };
		C8933B0418A1597500116A26 /* AOEPort-Info.plist */ = {isa = PBXFileReference; lastKnownFileType = text.plist.xml; path = "AOEPort-Info.plist"; sourceTree = "<group>"; };
		C8933B0618A1597500116A26 /* en */ = {isa = PBXFileReference; lastKnownFileType = text.plist.strings; name = en; path = en.lproj/InfoPlist.strings; sourceTree = "<group>"; };
		C8933B0818A1597500116A26 /* main.m */ = {isa = PBXFileReference; lastKnownFileType = sourcecode.c.objc; path = main.m; sourceTree = "<group>"; };
		C8933B0A18A1597500116A26 /* Age of Empires Port-Prefix.pch */ = {isa = PBXFileReference; lastKnownFileType = sourcecode.c.h; path = "Age of Empires Port-Prefix.pch"; sourceTree = "<group>"; };
		C8933B2218A1597500116A26 /* AOEPortTests.xctest */ = {isa = PBXFileReference; explicitFileType = wrapper.cfbundle; includeInIndex = 0; path = AOEPortTests.xctest; sourceTree = BUILT_PRODUCTS_DIR; };
		C8933B2318A1597500116A26 /* XCTest.framework */ = {isa = PBXFileReference; lastKnownFileType = wrapper.framework; name = XCTest.framework; path = Library/Frameworks/XCTest.framework; sourceTree = DEVELOPER_DIR; };
		C8933B2B18A1597500116A26 /* AOEPortTests-Info.plist */ = {isa = PBXFileReference; lastKnownFileType = text.plist.xml; path = "AOEPortTests-Info.plist"; sourceTree = "<group>"; };
		C8933B2D18A1597500116A26 /* en */ = {isa = PBXFileReference; lastKnownFileType = text.plist.strings; name = en; path = en.lproj/InfoPlist.strings; sourceTree = "<group>"; };
		C8933B2F18A1597500116A26 /* Age_of_Empires_PortTests.m */ = {isa = PBXFileReference; lastKnownFileType = sourcecode.c.objc; path = Age_of_Empires_PortTests.m; sourceTree = "<group>"; };
		C89C76DE18FB3284003379E6 /* libPods-AOEPortTests-ECSlidingViewController.a */ = {isa = PBXFileReference; lastKnownFileType = archive.ar; name = "libPods-AOEPortTests-ECSlidingViewController.a"; path = "Pods/build/Debug-iphoneos/libPods-AOEPortTests-ECSlidingViewController.a"; sourceTree = "<group>"; };
		C89C76E018FB35F0003379E6 /* libPods-AOEPortTests-JASidePanels.a */ = {isa = PBXFileReference; lastKnownFileType = archive.ar; name = "libPods-AOEPortTests-JASidePanels.a"; path = "Pods/build/Debug-iphoneos/libPods-AOEPortTests-JASidePanels.a"; sourceTree = "<group>"; };
		C89C76E218FB583A003379E6 /* libPods-AOEPortTests-ECSlidingViewController.a */ = {isa = PBXFileReference; lastKnownFileType = archive.ar; name = "libPods-AOEPortTests-ECSlidingViewController.a"; path = "Pods/build/Debug-iphoneos/libPods-AOEPortTests-ECSlidingViewController.a"; sourceTree = "<group>"; };
		C89C76E418FB609A003379E6 /* libPods-AOEPortTests-SWRevealViewController.a */ = {isa = PBXFileReference; lastKnownFileType = archive.ar; name = "libPods-AOEPortTests-SWRevealViewController.a"; path = "Pods/build/Debug-iphoneos/libPods-AOEPortTests-SWRevealViewController.a"; sourceTree = "<group>"; };
		C8A9CA79190171EF00AA2BE0 /* parchment.png */ = {isa = PBXFileReference; lastKnownFileType = image.png; path = parchment.png; sourceTree = "<group>"; };
		C8BDA28D18FEEC92005E029C /* 10375043.png */ = {isa = PBXFileReference; lastKnownFileType = image.png; path = 10375043.png; sourceTree = "<group>"; };
		C8D1786118AC3B9500866DEF /* TileMapLayer.h */ = {isa = PBXFileReference; fileEncoding = 4; lastKnownFileType = sourcecode.c.h; path = TileMapLayer.h; sourceTree = "<group>"; };
		C8D1786218AC3B9500866DEF /* TileMapLayer.m */ = {isa = PBXFileReference; fileEncoding = 4; lastKnownFileType = sourcecode.c.objc; path = TileMapLayer.m; sourceTree = "<group>"; };
		C8D1786318AC3B9500866DEF /* TmxTileMapLayer.h */ = {isa = PBXFileReference; fileEncoding = 4; lastKnownFileType = sourcecode.c.h; path = TmxTileMapLayer.h; sourceTree = "<group>"; };
		C8D1786418AC3B9500866DEF /* TmxTileMapLayer.m */ = {isa = PBXFileReference; fileEncoding = 4; lastKnownFileType = sourcecode.c.objc; path = TmxTileMapLayer.m; sourceTree = "<group>"; };
		C8D4E477190566FA008977BA /* Base */ = {isa = PBXFileReference; lastKnownFileType = file.storyboard; name = Base; path = Main_iPhone.storyboard; sourceTree = "<group>"; };
		C8E5C1BE1902FDBA00AD2BB0 /* MagicParticles.sks */ = {isa = PBXFileReference; lastKnownFileType = file.sks; path = MagicParticles.sks; sourceTree = "<group>"; };
		C8E5C1C01902FEC700AD2BB0 /* Spark.sks */ = {isa = PBXFileReference; lastKnownFileType = file.sks; path = Spark.sks; sourceTree = "<group>"; };
		C8FDF8241902FF4500569257 /* Smoke.sks */ = {isa = PBXFileReference; lastKnownFileType = file.sks; path = Smoke.sks; sourceTree = "<group>"; };
		C8FDF8261902FF6800569257 /* Bokeh.sks */ = {isa = PBXFileReference; lastKnownFileType = file.sks; path = Bokeh.sks; sourceTree = "<group>"; };
		C8FDF8271902FF6800569257 /* bokeh.png */ = {isa = PBXFileReference; lastKnownFileType = image.png; path = bokeh.png; sourceTree = "<group>"; };
/* End PBXFileReference section */

/* Begin PBXFrameworksBuildPhase section */
		C8933AF418A1597500116A26 /* Frameworks */ = {
			isa = PBXFrameworksBuildPhase;
			buildActionMask = 2147483647;
			files = (
				C89C76E518FB609A003379E6 /* libPods-AOEPortTests-SWRevealViewController.a in Frameworks */,
				C84CA74A18A6B7940006AD27 /* libz.dylib in Frameworks */,
				C8933AFD18A1597500116A26 /* CoreGraphics.framework in Frameworks */,
				C8933AFF18A1597500116A26 /* UIKit.framework in Frameworks */,
				C8933B0118A1597500116A26 /* SpriteKit.framework in Frameworks */,
				C8933AFB18A1597500116A26 /* Foundation.framework in Frameworks */,
			);
			runOnlyForDeploymentPostprocessing = 0;
		};
		C8933B1F18A1597500116A26 /* Frameworks */ = {
			isa = PBXFrameworksBuildPhase;
			buildActionMask = 2147483647;
			files = (
				C8933B2418A1597500116A26 /* XCTest.framework in Frameworks */,
				C8933B2618A1597500116A26 /* UIKit.framework in Frameworks */,
				C8933B2518A1597500116A26 /* Foundation.framework in Frameworks */,
				0B2E7F9358974FDAA3EEA41D /* libPods-AOEPortTests.a in Frameworks */,
			);
			runOnlyForDeploymentPostprocessing = 0;
		};
/* End PBXFrameworksBuildPhase section */

/* Begin PBXGroup section */
		C184B105F1D0D4F1C29250AD /* ViewControllers */ = {
			isa = PBXGroup;
			children = (
				C184B44A7CC0C80A446A3B3D /* SplashScreen */,
				C184B30EA0D62E3D2A87C9A6 /* GameView */,
				C184B5539FCFC8BBF214B14F /* RootView */,
				C184BBF1DCB8911BCD98D404 /* SideBarMenu */,
				C184B38A6181F348622D28FA /* MainMenu */,
			);
			path = ViewControllers;
			sourceTree = "<group>";
		};
		C184B30EA0D62E3D2A87C9A6 /* GameView */ = {
			isa = PBXGroup;
			children = (
				C184B46EC3D9CAC1A9886822 /* GameViewController.h */,
				C184B17FEF2A6E7C6B1ADDF5 /* GameViewController.m */,
			);
			path = GameView;
			sourceTree = "<group>";
		};
		C184B316CA03BE7C27189481 /* Scenery */ = {
			isa = PBXGroup;
			children = (
				C184B368FC677BF97B859279 /* Trees */,
			);
			path = Scenery;
			sourceTree = "<group>";
		};
		C184B368FC677BF97B859279 /* Trees */ = {
			isa = PBXGroup;
			children = (
				C184BD44D000E995FFD1E28E /* Tree.m */,
				C184BA9FD33A002539C04118 /* Tree.h */,
			);
			path = Trees;
			sourceTree = "<group>";
		};
		C184B36AD864ABBCE8AA5FE1 /* Delegate */ = {
			isa = PBXGroup;
			children = (
				C184BA788627AEAFC1E89EC5 /* AppDelegate.h */,
				C184B0E4F70FB0A4FE9FFCB5 /* AppDelegate.m */,
			);
			path = Delegate;
			sourceTree = "<group>";
		};
		C184B36F60DB186E2430629D /* Model */ = {
			isa = PBXGroup;
			children = (
				C184B9792E830CC47A69010B /* Tiles */,
				C184BCE88CCA188B79748208 /* Units */,
				C184B4194DFE84B1C66551AF /* Buildings */,
				C184B316CA03BE7C27189481 /* Scenery */,
			);
			path = Model;
			sourceTree = "<group>";
		};
		C184B38A6181F348622D28FA /* MainMenu */ = {
			isa = PBXGroup;
			children = (
				C184BA1A8A2AB3E177D9F15D /* MainMenuTableViewCell.h */,
				C184B78805CE5D5D7BEC623E /* MainMenuTableViewCell.m */,
				C184B3D8A66D8E862F9B8FB3 /* MainMenuViewController.h */,
				C184B7914E8C16937FC6E13E /* MainMenuViewController.m */,
			);
			path = MainMenu;
			sourceTree = "<group>";
		};
		C184B4194DFE84B1C66551AF /* Buildings */ = {
			isa = PBXGroup;
			children = (
				C184B6047FAEFBF25E672F69 /* Wall.h */,
				C184B83C39B89964BA7CC148 /* Wall.m */,
				C184BCFDAF2529A294D250DA /* Church.h */,
				C184B54602E2FCC3961D5CE5 /* Church.m */,
				C184B82BEEE8A85137D88086 /* Barracks.h */,
				C184B8107863A9A22C5EEA10 /* Barracks.m */,
				C184B6572EB33C8BBBE04967 /* TownCenter.h */,
				C184B8CA290A7E4CE160D2EC /* TownCenter.m */,
				C184B8AC40C5A36018A402BE /* AbstractBuilding */,
			);
			path = Buildings;
			sourceTree = "<group>";
		};
		C184B44A7CC0C80A446A3B3D /* SplashScreen */ = {
			isa = PBXGroup;
			children = (
				C184B6B993F9A85D4EFABC77 /* SplashScreenViewController.h */,
				C184B734041C86EADBE5B7CB /* SplashScreenViewController.m */,
			);
			path = SplashScreen;
			sourceTree = "<group>";
		};
		C184B44BD0EBF44879D143B4 /* JSTileMap */ = {
			isa = PBXGroup;
			children = (
				C184B987DCAE6146F5592A29 /* JSTileMap.h */,
				C184BE3C8945B51D35F9D73F /* JSTileMap.m */,
				C184B0D2BE8C1B942544FC15 /* LFCGzipUtility.h */,
				C184B87B304B509F55695A77 /* LFCGzipUtility.m */,
			);
			path = JSTileMap;
			sourceTree = "<group>";
		};
		C184B5539FCFC8BBF214B14F /* RootView */ = {
			isa = PBXGroup;
			children = (
				C184B10E51D988D5A12DB579 /* RootViewController.h */,
				C184BF37C81288FCCE11CA08 /* RootViewController.m */,
			);
			path = RootView;
			sourceTree = "<group>";
		};
		C184B57271673B8CDFD015CB /* Particles */ = {
			isa = PBXGroup;
			children = (
				C184B0C9D97C53A156FA140E /* MyParticle.sks */,
				C184BBCED4A9653A30BC9FBF /* spark.png */,
				C8E5C1BE1902FDBA00AD2BB0 /* MagicParticles.sks */,
				C8E5C1C01902FEC700AD2BB0 /* Spark.sks */,
				C8FDF8241902FF4500569257 /* Smoke.sks */,
				C8FDF8261902FF6800569257 /* Bokeh.sks */,
				C8FDF8271902FF6800569257 /* bokeh.png */,
			);
			path = Particles;
			sourceTree = "<group>";
		};
		C184B5A06FD7DFB56F49A9EF /* Atlas */ = {
			isa = PBXGroup;
			children = (
				C828D4351905DBD900069403 /* map_resources */,
				C87E312218FD7C430034C290 /* miltarybuilds.atlas */,
				C184B015FC9EF0FE8CDAB3CF /* buildings.atlas */,
				C184B2B628F0862CB8A3C930 /* buildings256.atlasc */,
				C184B7350554D130573F205A /* tiles.atlas */,
				C184BFED6082F63B8E0DD633 /* Builder_walk.atlas */,
				C184B2C59507C53E600D89E9 /* Builder_build.atlas */,
				C184B80E1BEFFFCE4B88D416 /* trees.atlas */,
			);
			path = Atlas;
			sourceTree = "<group>";
		};
		C184B6D93E7C060FEDF2C621 /* Villagers */ = {
			isa = PBXGroup;
			children = (
				C184BD57A4ED4F5777512696 /* Builder */,
				C184BF427400145F094F184F /* Villager.h */,
				C184BD0EA34E0E7D11E77152 /* Villager.m */,
			);
			path = Villagers;
			sourceTree = "<group>";
		};
		C184B8962ED47BF26817D778 /* SKTUtils */ = {
			isa = PBXGroup;
			children = (
				C184BAA2618560AF881CA62C /* SKAction+SKTExtras.h */,
				C184B054FD87B78C6ECF7F68 /* SKAction+SKTExtras.m */,
				C184BAD1D5FA56778BBE95FE /* SKEmitterNode+SKTExtras.h */,
				C184BA74AEF4534CE31414DF /* SKEmitterNode+SKTExtras.m */,
				C184BB1E4321CB76CF2A0725 /* SKNode+SKTExtras.h */,
				C184B9E34435A478095C1E29 /* SKNode+SKTExtras.m */,
				C184B4B6509083B0514338E7 /* SKTAudio.h */,
				C184BF621D7F91B3C887BDFB /* SKTAudio.m */,
				C184B5ACBE628E963209D825 /* SKTUtils.h */,
				C184B5D553B80AA330AA081C /* SKTUtils.mm */,
			);
			path = SKTUtils;
			sourceTree = "<group>";
		};
		C184B8AC40C5A36018A402BE /* AbstractBuilding */ = {
			isa = PBXGroup;
			children = (
				C184B5BF953C80EEE3B6B022 /* Building.h */,
				C184BB1AA6DA45FD308E103B /* Building.m */,
			);
			path = AbstractBuilding;
			sourceTree = "<group>";
		};
		C184B9792E830CC47A69010B /* Tiles */ = {
			isa = PBXGroup;
			children = (
				C184B1FA098CD8B94A27C199 /* Tile.h */,
				C184B51A482CA41C0701FBE6 /* Tile.m */,
				C184BF40E9A2FBD4281EE81F /* DirtTile.h */,
				C184B64217F2E85A177134C3 /* DirtTile.m */,
				C184BC41FD8541A6CA6FFF37 /* SnowTile.h */,
				C184B0BE9D19B4441003676A /* SnowTile.m */,
				C184B9278B90FC42D524A02F /* GrassTile.h */,
				C184B84048EB17524395B6A5 /* GrassTile.m */,
				C184B7EC289CDAC01F72C4F9 /* SandTile.m */,
				C184BB0227833EBC0E351008 /* SandTile.h */,
			);
			path = Tiles;
			sourceTree = "<group>";
		};
		C184B99E76A6BD55A16EDFE6 /* Images */ = {
			isa = PBXGroup;
			children = (
				C83D0CBA1904B99B00D0DD44 /* hammer.png */,
				C83D0CBB1904B99B00D0DD44 /* splash.png */,
				C8A9CA79190171EF00AA2BE0 /* parchment.png */,
				C8BDA28D18FEEC92005E029C /* 10375043.png */,
				C184BFC916A14E2F052C44D1 /* UI */,
				C184BF70B559CB8F6576AF59 /* icon */,
				C184B8C0284FB7411A4FE876 /* tiles32 */,
				C184B5A06FD7DFB56F49A9EF /* Atlas */,
			);
			path = Images;
			sourceTree = "<group>";
		};
		C184B9DE2E556168047978BA /* Art */ = {
			isa = PBXGroup;
			children = (
				C184B99E76A6BD55A16EDFE6 /* Images */,
			);
			path = Art;
			sourceTree = "<group>";
		};
		C184BB570AD83F807E280C6A /* Touch */ = {
			isa = PBXGroup;
			children = (
				C184BAEEDDF116C0C137704E /* TouchHandlers.m */,
				C184B213F2E5560342506F70 /* TouchHandlers.h */,
				C184B9C2B1104B20E1B03A73 /* TouchUtilities.m */,
				C184B83CA2C8B0858AC51CFB /* TouchUtilities.h */,
			);
			path = Touch;
			sourceTree = "<group>";
		};
		C184BBF1DCB8911BCD98D404 /* SideBarMenu */ = {
			isa = PBXGroup;
			children = (
				C184BF6554B3F44AC0F73F34 /* MenuItemTableViewCell.h */,
				C184BC789E54C0C18634C3B5 /* MenuItemTableViewCell.m */,
				C184B002F9C029095C56772B /* SideBarMenuViewController.h */,
				C184B61FFFC53E100197FDAD /* SideBarMenuViewController.m */,
			);
			path = SideBarMenu;
			sourceTree = "<group>";
		};
		C184BC3A64BD12A43CF5AF78 /* SSKExtensionCode */ = {
			isa = PBXGroup;
			children = (
				C184B090C54B0D45832D1F0A /* SKSpriteNode+SSKAnimation.h */,
				C184BB29CE07BB3DA99EA935 /* SKSpriteNode+SSKAnimation.m */,
				C184B04EAC9AC160A89639E9 /* SSKMultiLineLabelNode.h */,
				C184B0330AA52BBC75837B5A /* SSKMultiLineLabelNode.m */,
				C184B69AA29F96CA8443C726 /* SSKMultiplatform.h */,
				C184B2A05F844BCCBE9D2E29 /* SSKStretchableNode.h */,
				C184BB11A13AADE821547E93 /* SSKStretchableNode.m */,
				C184BF6DBA3AB30CA283F924 /* SSKTileableNode.h */,
				C184B1233908517431B7FA2B /* SSKTileableNode.m */,
			);
			path = SSKExtensionCode;
			sourceTree = "<group>";
		};
		C184BC87A7DF828B7C0A278C /* Scenes */ = {
			isa = PBXGroup;
			children = (
				C184BC068F859A1E3EF5B099 /* MenuScene.h */,
				C184BD04AF0D1596BBCE7B8B /* MenuScene.m */,
				C184BE956F0627B234AAB296 /* MyScene.h */,
				C184BB35138BD183D17ED408 /* MyScene.m */,
			);
			path = Scenes;
			sourceTree = "<group>";
		};
		C184BCE88CCA188B79748208 /* Units */ = {
			isa = PBXGroup;
			children = (
				C184BC0414CFC372EBA241C9 /* Unit.h */,
				C184B7832A16A91DD5C104BB /* Unit.m */,
				C184B6D93E7C060FEDF2C621 /* Villagers */,
			);
			path = Units;
			sourceTree = "<group>";
		};
		C184BD57A4ED4F5777512696 /* Builder */ = {
			isa = PBXGroup;
			children = (
				C184B39A67DA000FB5A92B17 /* Builder.h */,
				C184B3C2584F81E771A4BFAF /* Builder.m */,
			);
			path = Builder;
			sourceTree = "<group>";
		};
		C184BDF36218160F10F5B0CE /* Levels */ = {
			isa = PBXGroup;
			children = (
				C828D4301905D9ED00069403 /* resources_map.tmx */,
				C184BDCA7518565072A49DBF /* tile32_256build.png */,
				C184B6E41B33E796BA3965FF /* tile32_256build.tmx */,
				C184B707DFC3E0B3B5940F74 /* isoMap.tmx */,
				C184BF78B36B7B69DA78F498 /* debugMap.tmx */,
				C184BA28E85B99B64F839AFD /* resources_map1.tmx */,
			);
			path = Levels;
			sourceTree = "<group>";
		};
		C184BE9A594F024149429CB5 /* Resources */ = {
			isa = PBXGroup;
			children = (
				C184B8962ED47BF26817D778 /* SKTUtils */,
				C184BDF36218160F10F5B0CE /* Levels */,
				C184B9DE2E556168047978BA /* Art */,
				C184B57271673B8CDFD015CB /* Particles */,
			);
			path = Resources;
			sourceTree = "<group>";
		};
		C184BFC916A14E2F052C44D1 /* UI */ = {
			isa = PBXGroup;
			children = (
				C184B40E9E0F185F7F9981A1 /* logo.png */,
			);
			path = UI;
			sourceTree = "<group>";
		};
		C8933AEE18A1597500116A26 = {
			isa = PBXGroup;
			children = (
				C860896818ABF6D100810C1A /* Images.xcassets */,
				C8933B0218A1597500116A26 /* AOEPort */,
				C8933B2918A1597500116A26 /* AOEPortTests */,
				C8933AF918A1597500116A26 /* Frameworks */,
				C8933AF818A1597500116A26 /* Products */,
				8407EBC5736B4A96BB52C20E /* Pods-AOEPortTests.xcconfig */,
			);
			sourceTree = "<group>";
		};
		C8933AF818A1597500116A26 /* Products */ = {
			isa = PBXGroup;
			children = (
				C8933AF718A1597500116A26 /* AOEPort.app */,
				C8933B2218A1597500116A26 /* AOEPortTests.xctest */,
			);
			name = Products;
			sourceTree = "<group>";
		};
		C8933AF918A1597500116A26 /* Frameworks */ = {
			isa = PBXGroup;
			children = (
				C89C76E418FB609A003379E6 /* libPods-AOEPortTests-SWRevealViewController.a */,
				C89C76E218FB583A003379E6 /* libPods-AOEPortTests-ECSlidingViewController.a */,
				C89C76E018FB35F0003379E6 /* libPods-AOEPortTests-JASidePanels.a */,
				C89C76DE18FB3284003379E6 /* libPods-AOEPortTests-ECSlidingViewController.a */,
				C84CA74918A6B7940006AD27 /* libz.dylib */,
				C8933AFA18A1597500116A26 /* Foundation.framework */,
				C8933AFC18A1597500116A26 /* CoreGraphics.framework */,
				C8933AFE18A1597500116A26 /* UIKit.framework */,
				C8933B0018A1597500116A26 /* SpriteKit.framework */,
				C8933B2318A1597500116A26 /* XCTest.framework */,
				65AF7DE555E142DAAD708135 /* libPods-AOEPortTests.a */,
			);
			name = Frameworks;
			sourceTree = "<group>";
		};
		C8933B0218A1597500116A26 /* AOEPort */ = {
			isa = PBXGroup;
			children = (
				C184B44C8FB712024682E62E /* Constants.h */,
				C184B786F9CB8566B73BC9D4 /* DrawDebugger.h */,
				C184B53E27836BD3CB24C061 /* DrawDebugger.m */,
				C8C3EB5518AE4D9000893AE0 /* Base.lproj */,
				C8D1786018AC3B9500866DEF /* Layers */,
				C184B36F60DB186E2430629D /* Model */,
				C184BE9A594F024149429CB5 /* Resources */,
				C184BC87A7DF828B7C0A278C /* Scenes */,
				C184BC3A64BD12A43CF5AF78 /* SSKExtensionCode */,
				C8933B0318A1597500116A26 /* Supporting Files */,
				C184BB570AD83F807E280C6A /* Touch */,
				C184B105F1D0D4F1C29250AD /* ViewControllers */,
				C184B36AD864ABBCE8AA5FE1 /* Delegate */,
			);
			path = AOEPort;
			sourceTree = "<group>";
		};
		C8933B0318A1597500116A26 /* Supporting Files */ = {
			isa = PBXGroup;
			children = (
				C8933B0418A1597500116A26 /* AOEPort-Info.plist */,
				C8933B0518A1597500116A26 /* InfoPlist.strings */,
				C8933B0818A1597500116A26 /* main.m */,
				C8933B0A18A1597500116A26 /* Age of Empires Port-Prefix.pch */,
				C184BE91A8A58A926DADC313 /* Age of Empires Port-Prefix.pch */,
			);
			name = "Supporting Files";
			sourceTree = "<group>";
		};
		C8933B2918A1597500116A26 /* AOEPortTests */ = {
			isa = PBXGroup;
			children = (
				C8933B2F18A1597500116A26 /* Age_of_Empires_PortTests.m */,
				C8933B2A18A1597500116A26 /* Supporting Files */,
			);
			path = AOEPortTests;
			sourceTree = "<group>";
		};
		C8933B2A18A1597500116A26 /* Supporting Files */ = {
			isa = PBXGroup;
			children = (
				C8933B2B18A1597500116A26 /* AOEPortTests-Info.plist */,
				C8933B2C18A1597500116A26 /* InfoPlist.strings */,
			);
			name = "Supporting Files";
			sourceTree = "<group>";
		};
		C8C3EB5518AE4D9000893AE0 /* Base.lproj */ = {
			isa = PBXGroup;
			children = (
				C8D4E476190566FA008977BA /* Main_iPhone.storyboard */,
			);
			path = Base.lproj;
			sourceTree = "<group>";
		};
		C8D1786018AC3B9500866DEF /* Layers */ = {
			isa = PBXGroup;
			children = (
				C8D1786118AC3B9500866DEF /* TileMapLayer.h */,
				C8D1786218AC3B9500866DEF /* TileMapLayer.m */,
				C8D1786318AC3B9500866DEF /* TmxTileMapLayer.h */,
				C8D1786418AC3B9500866DEF /* TmxTileMapLayer.m */,
				C184B44BD0EBF44879D143B4 /* JSTileMap */,
			);
			path = Layers;
			sourceTree = "<group>";
		};
/* End PBXGroup section */

/* Begin PBXNativeTarget section */
		C8933AF618A1597500116A26 /* AOEPort */ = {
			isa = PBXNativeTarget;
			buildConfigurationList = C8933B3318A1597500116A26 /* Build configuration list for PBXNativeTarget "AOEPort" */;
			buildPhases = (
				C8933AF318A1597500116A26 /* Sources */,
				C8933AF418A1597500116A26 /* Frameworks */,
				C8933AF518A1597500116A26 /* Resources */,
			);
			buildRules = (
			);
			dependencies = (
			);
			name = AOEPort;
			productName = "Age of Empires Port";
			productReference = C8933AF718A1597500116A26 /* AOEPort.app */;
			productType = "com.apple.product-type.application";
		};
		C8933B2118A1597500116A26 /* AOEPortTests */ = {
			isa = PBXNativeTarget;
			buildConfigurationList = C8933B3618A1597500116A26 /* Build configuration list for PBXNativeTarget "AOEPortTests" */;
			buildPhases = (
				498F207D6D74454F8A29CFBB /* Check Pods Manifest.lock */,
				C8933B1E18A1597500116A26 /* Sources */,
				C8933B1F18A1597500116A26 /* Frameworks */,
				C8933B2018A1597500116A26 /* Resources */,
				B4CF0682913147118E3ECD51 /* Copy Pods Resources */,
			);
			buildRules = (
			);
			dependencies = (
				C8933B2818A1597500116A26 /* PBXTargetDependency */,
			);
			name = AOEPortTests;
			productName = "Age of Empires PortTests";
			productReference = C8933B2218A1597500116A26 /* AOEPortTests.xctest */;
			productType = "com.apple.product-type.bundle.unit-test";
		};
/* End PBXNativeTarget section */

/* Begin PBXProject section */
		C8933AEF18A1597500116A26 /* Project object */ = {
			isa = PBXProject;
			attributes = {
				LastUpgradeCheck = 0510;
				ORGANIZATIONNAME = "Dan Malone";
				TargetAttributes = {
					C8933AF618A1597500116A26 = {
						DevelopmentTeam = RL5BZVWAZT;
					};
					C8933B2118A1597500116A26 = {
						TestTargetID = C8933AF618A1597500116A26;
					};
				};
			};
			buildConfigurationList = C8933AF218A1597500116A26 /* Build configuration list for PBXProject "AOEPort" */;
			compatibilityVersion = "Xcode 3.2";
			developmentRegion = English;
			hasScannedForEncodings = 0;
			knownRegions = (
				en,
				Base,
			);
			mainGroup = C8933AEE18A1597500116A26;
			productRefGroup = C8933AF818A1597500116A26 /* Products */;
			projectDirPath = "";
			projectRoot = "";
			targets = (
				C8933AF618A1597500116A26 /* AOEPort */,
				C8933B2118A1597500116A26 /* AOEPortTests */,
			);
		};
/* End PBXProject section */

/* Begin PBXResourcesBuildPhase section */
		C8933AF518A1597500116A26 /* Resources */ = {
			isa = PBXResourcesBuildPhase;
			buildActionMask = 2147483647;
			files = (
				C860896918ABF6D100810C1A /* Images.xcassets in Resources */,
				C8FDF8251902FF4500569257 /* Smoke.sks in Resources */,
				C8933B0718A1597500116A26 /* InfoPlist.strings in Resources */,
				C8A9CA7A190171EF00AA2BE0 /* parchment.png in Resources */,
				C184B3054DB28E036A402AF0 /* tile32_256build.png in Resources */,
				C184BB7DB4E784FEF3A87CB9 /* tile32_256build.tmx in Resources */,
				C184B16D62084268170F9712 /* logo.png in Resources */,
				C184B7999A00E12CEEBEBBBE /* icon in Resources */,
				C8FDF8281902FF6800569257 /* Bokeh.sks in Resources */,
				C184B68241D4E8E2A98FE077 /* tiles32 in Resources */,
				C184B8B2FCC4481DECD70893 /* isoMap.tmx in Resources */,
				C87E312318FD7C430034C290 /* miltarybuilds.atlas in Resources */,
				C184BBD3A6D52E6EB487728C /* buildings.atlas in Resources */,
				C184B5AC0E71CDD417E38A13 /* buildings256.atlasc in Resources */,
				C83D0CBC1904B99B00D0DD44 /* hammer.png in Resources */,
				C8FDF8291902FF6800569257 /* bokeh.png in Resources */,
				C828D4311905D9ED00069403 /* resources_map.tmx in Resources */,
				C184B4F2BF356A2B2C930650 /* tiles.atlas in Resources */,
				C8BDA28E18FEEC92005E029C /* 10375043.png in Resources */,
				C184B50B2E7D6CAD8489D5C7 /* Builder_walk.atlas in Resources */,
				C184B4172DD15E35CEE5B216 /* Builder_build.atlas in Resources */,
				C184B51C77D45EFC417FFA77 /* debugMap.tmx in Resources */,
				C8E5C1BF1902FDBA00AD2BB0 /* MagicParticles.sks in Resources */,
				C8E5C1C11902FEC700AD2BB0 /* Spark.sks in Resources */,
				C8D4E478190566FA008977BA /* Main_iPhone.storyboard in Resources */,
				C184B7EC1651AA7B4976D111 /* MyParticle.sks in Resources */,
				C83D0CBD1904B99B00D0DD44 /* splash.png in Resources */,
				C828D4361905DBD900069403 /* map_resources in Resources */,
				C184B3E481074114A2BAFBFE /* spark.png in Resources */,
				C184B80E477B842244C61F17 /* resources_map1.tmx in Resources */,
				C184BE7C299064A8FD063F93 /* trees.atlas in Resources */,
			);
			runOnlyForDeploymentPostprocessing = 0;
		};
		C8933B2018A1597500116A26 /* Resources */ = {
			isa = PBXResourcesBuildPhase;
			buildActionMask = 2147483647;
			files = (
				C8933B2E18A1597500116A26 /* InfoPlist.strings in Resources */,
			);
			runOnlyForDeploymentPostprocessing = 0;
		};
/* End PBXResourcesBuildPhase section */

/* Begin PBXShellScriptBuildPhase section */
		498F207D6D74454F8A29CFBB /* Check Pods Manifest.lock */ = {
			isa = PBXShellScriptBuildPhase;
			buildActionMask = 2147483647;
			files = (
			);
			inputPaths = (
			);
			name = "Check Pods Manifest.lock";
			outputPaths = (
			);
			runOnlyForDeploymentPostprocessing = 0;
			shellPath = /bin/sh;
			shellScript = "diff \"${PODS_ROOT}/../Podfile.lock\" \"${PODS_ROOT}/Manifest.lock\" > /dev/null\nif [[ $? != 0 ]] ; then\n    cat << EOM\nerror: The sandbox is not in sync with the Podfile.lock. Run 'pod install' or update your CocoaPods installation.\nEOM\n    exit 1\nfi\n";
			showEnvVarsInLog = 0;
		};
		B4CF0682913147118E3ECD51 /* Copy Pods Resources */ = {
			isa = PBXShellScriptBuildPhase;
			buildActionMask = 2147483647;
			files = (
			);
			inputPaths = (
			);
			name = "Copy Pods Resources";
			outputPaths = (
			);
			runOnlyForDeploymentPostprocessing = 0;
			shellPath = /bin/sh;
			shellScript = "\"${SRCROOT}/Pods/Pods-AOEPortTests-resources.sh\"\n";
			showEnvVarsInLog = 0;
		};
/* End PBXShellScriptBuildPhase section */

/* Begin PBXSourcesBuildPhase section */
		C8933AF318A1597500116A26 /* Sources */ = {
			isa = PBXSourcesBuildPhase;
			buildActionMask = 2147483647;
			files = (
				C8D1786518AC3B9500866DEF /* TileMapLayer.m in Sources */,
				C8D1786618AC3B9500866DEF /* TmxTileMapLayer.m in Sources */,
				C8933B0918A1597500116A26 /* main.m in Sources */,
				C184B2BB2F48273A120B02DB /* SKSpriteNode+SSKAnimation.m in Sources */,
				C184B7A1F85E0FE14A5FF410 /* SSKMultiLineLabelNode.m in Sources */,
				C184B9409237358172690560 /* SSKStretchableNode.m in Sources */,
				C184B5AFE67477C1E41C1FDC /* SSKTileableNode.m in Sources */,
				C184BECAB8254FFAEBD1553A /* SKAction+SKTExtras.m in Sources */,
				C184B6A865CFD07EC53D87D9 /* SKEmitterNode+SKTExtras.m in Sources */,
				C184BCCB4724A3BF3B0F45B4 /* SKNode+SKTExtras.m in Sources */,
				C184B7CC402104CEF110F4F0 /* SKTAudio.m in Sources */,
				C184B2C98FC38723E7F781CE /* SKTUtils.mm in Sources */,
				C184BF3C58242275228657BD /* TouchHandlers.m in Sources */,
				C184B39D0C90FF5642CC0F41 /* TouchUtilities.m in Sources */,
				C184BD8FF7821A4CEE6AF401 /* Tile.m in Sources */,
				C184B99DF083BEAF858FEBBC /* DirtTile.m in Sources */,
				C184B92CD9C8401437EDAF7E /* SnowTile.m in Sources */,
				C184B3329468B0CF44B6631D /* GrassTile.m in Sources */,
				C184BDE193C3784E03F5FFAF /* Unit.m in Sources */,
				C184BFB9F939A9EB09DDE05C /* Builder.m in Sources */,
				C184B363DBED6EC686B67FC3 /* Villager.m in Sources */,
				C184B96D9604D88EBEF2C6EB /* Wall.m in Sources */,
				C184B151209597F548BF1E6E /* Church.m in Sources */,
				C184B2DF753DF5E8F0B9DE34 /* Barracks.m in Sources */,
				C184B4D33396F00EF1034C55 /* TownCenter.m in Sources */,
				C184BDAAD3D569016A34BC66 /* Building.m in Sources */,
				C184BE0C514048A5E5CAC61F /* SandTile.m in Sources */,
				C184B9B526515A61529CF74F /* DrawDebugger.m in Sources */,
				C184B1DCD13649280B83CF12 /* SplashScreenViewController.m in Sources */,
				C184B7FDB172C387865587CD /* GameViewController.m in Sources */,
				C184BAA83363C05FBF705920 /* RootViewController.m in Sources */,
				C184B9EC32FE5670D8C93D7A /* MenuItemTableViewCell.m in Sources */,
				C184BD03DD1FBCC508401B41 /* SideBarMenuViewController.m in Sources */,
				C184B2FE5D55B126DAD69E6A /* MainMenuTableViewCell.m in Sources */,
				C184BC2E9F8E0DF93A208C5D /* MainMenuViewController.m in Sources */,
				C184BCB26B5CCC0F2E5A2C4F /* MenuScene.m in Sources */,
				C184BE3C8BC7E3EB4774F3A7 /* MyScene.m in Sources */,
				C184B2AA93AE03371A3C24DE /* JSTileMap.m in Sources */,
				C184B13AEF7967AE406EF3D6 /* LFCGzipUtility.m in Sources */,
				C184B92D4C90AA4B6BC79E19 /* AppDelegate.m in Sources */,
				C184B851714ED2D96FB9D221 /* Tree.m in Sources */,
			);
			runOnlyForDeploymentPostprocessing = 0;
		};
		C8933B1E18A1597500116A26 /* Sources */ = {
			isa = PBXSourcesBuildPhase;
			buildActionMask = 2147483647;
			files = (
				C8933B3018A1597500116A26 /* Age_of_Empires_PortTests.m in Sources */,
			);
			runOnlyForDeploymentPostprocessing = 0;
		};
/* End PBXSourcesBuildPhase section */

/* Begin PBXTargetDependency section */
		C8933B2818A1597500116A26 /* PBXTargetDependency */ = {
			isa = PBXTargetDependency;
			target = C8933AF618A1597500116A26 /* AOEPort */;
			targetProxy = C8933B2718A1597500116A26 /* PBXContainerItemProxy */;
		};
/* End PBXTargetDependency section */

/* Begin PBXVariantGroup section */
		C8933B0518A1597500116A26 /* InfoPlist.strings */ = {
			isa = PBXVariantGroup;
			children = (
				C8933B0618A1597500116A26 /* en */,
			);
			name = InfoPlist.strings;
			sourceTree = "<group>";
		};
		C8933B2C18A1597500116A26 /* InfoPlist.strings */ = {
			isa = PBXVariantGroup;
			children = (
				C8933B2D18A1597500116A26 /* en */,
			);
			name = InfoPlist.strings;
			sourceTree = "<group>";
		};
		C8D4E476190566FA008977BA /* Main_iPhone.storyboard */ = {
			isa = PBXVariantGroup;
			children = (
				C8D4E477190566FA008977BA /* Base */,
			);
			name = Main_iPhone.storyboard;
			sourceTree = "<group>";
		};
/* End PBXVariantGroup section */

/* Begin XCBuildConfiguration section */
		C8933B3118A1597500116A26 /* Debug */ = {
			isa = XCBuildConfiguration;
			buildSettings = {
				ALWAYS_SEARCH_USER_PATHS = NO;
				CLANG_CXX_LANGUAGE_STANDARD = "gnu++0x";
				CLANG_CXX_LIBRARY = "libc++";
				CLANG_ENABLE_MODULES = YES;
				CLANG_ENABLE_OBJC_ARC = YES;
				CLANG_WARN_BOOL_CONVERSION = YES;
				CLANG_WARN_CONSTANT_CONVERSION = YES;
				CLANG_WARN_DIRECT_OBJC_ISA_USAGE = YES_ERROR;
				CLANG_WARN_EMPTY_BODY = YES;
				CLANG_WARN_ENUM_CONVERSION = YES;
				CLANG_WARN_INT_CONVERSION = YES;
				CLANG_WARN_OBJC_ROOT_CLASS = YES_ERROR;
				CLANG_WARN__DUPLICATE_METHOD_MATCH = YES;
				"CODE_SIGN_ENTITLEMENTS[sdk=*]" = "";
				CODE_SIGN_IDENTITY = "iPhone Developer: Dan Malone (AE68DY4YKY)";
				"CODE_SIGN_IDENTITY[sdk=iphoneos*]" = "iPhone Developer: Dan Malone (AE68DY4YKY)";
				COPY_PHASE_STRIP = NO;
				GCC_C_LANGUAGE_STANDARD = gnu99;
				GCC_DYNAMIC_NO_PIC = NO;
				GCC_OPTIMIZATION_LEVEL = 0;
				GCC_PREPROCESSOR_DEFINITIONS = (
					"DEBUG=1",
					"$(inherited)",
				);
				GCC_SYMBOLS_PRIVATE_EXTERN = NO;
				GCC_WARN_64_TO_32_BIT_CONVERSION = YES;
				GCC_WARN_ABOUT_RETURN_TYPE = YES_ERROR;
				GCC_WARN_UNDECLARED_SELECTOR = YES;
				GCC_WARN_UNINITIALIZED_AUTOS = YES;
				GCC_WARN_UNUSED_FUNCTION = YES;
				GCC_WARN_UNUSED_VARIABLE = YES;
				IPHONEOS_DEPLOYMENT_TARGET = 7.0;
				ONLY_ACTIVE_ARCH = YES;
				OTHER_LDFLAGS = (
					"-all_load",
					"-ObjC",
				);
				SDKROOT = iphoneos;
				TARGETED_DEVICE_FAMILY = "1,2";
			};
			name = Debug;
		};
		C8933B3218A1597500116A26 /* Release */ = {
			isa = XCBuildConfiguration;
			buildSettings = {
				ALWAYS_SEARCH_USER_PATHS = NO;
				CLANG_CXX_LANGUAGE_STANDARD = "gnu++0x";
				CLANG_CXX_LIBRARY = "libc++";
				CLANG_ENABLE_MODULES = YES;
				CLANG_ENABLE_OBJC_ARC = YES;
				CLANG_WARN_BOOL_CONVERSION = YES;
				CLANG_WARN_CONSTANT_CONVERSION = YES;
				CLANG_WARN_DIRECT_OBJC_ISA_USAGE = YES_ERROR;
				CLANG_WARN_EMPTY_BODY = YES;
				CLANG_WARN_ENUM_CONVERSION = YES;
				CLANG_WARN_INT_CONVERSION = YES;
				CLANG_WARN_OBJC_ROOT_CLASS = YES_ERROR;
				CLANG_WARN__DUPLICATE_METHOD_MATCH = YES;
				CODE_SIGN_IDENTITY = "iPhone Developer: Dan Malone (AE68DY4YKY)";
				"CODE_SIGN_IDENTITY[sdk=iphoneos*]" = "iPhone Developer: Dan Malone (AE68DY4YKY)";
				COPY_PHASE_STRIP = YES;
				ENABLE_NS_ASSERTIONS = NO;
				GCC_C_LANGUAGE_STANDARD = gnu99;
				GCC_WARN_64_TO_32_BIT_CONVERSION = YES;
				GCC_WARN_ABOUT_RETURN_TYPE = YES_ERROR;
				GCC_WARN_UNDECLARED_SELECTOR = YES;
				GCC_WARN_UNINITIALIZED_AUTOS = YES;
				GCC_WARN_UNUSED_FUNCTION = YES;
				GCC_WARN_UNUSED_VARIABLE = YES;
				IPHONEOS_DEPLOYMENT_TARGET = 7.0;
				OTHER_LDFLAGS = (
					"-all_load",
					"-ObjC",
				);
				SDKROOT = iphoneos;
				TARGETED_DEVICE_FAMILY = "1,2";
				VALIDATE_PRODUCT = YES;
			};
			name = Release;
		};
		C8933B3418A1597500116A26 /* Debug */ = {
			isa = XCBuildConfiguration;
			buildSettings = {
				ASSETCATALOG_COMPILER_APPICON_NAME = AppIcon;
				ASSETCATALOG_COMPILER_LAUNCHIMAGE_NAME = LaunchImage;
				CODE_SIGN_IDENTITY = "iPhone Developer";
				"CODE_SIGN_IDENTITY[sdk=iphoneos*]" = "iPhone Developer";
				GCC_PRECOMPILE_PREFIX_HEADER = YES;
				GCC_PREFIX_HEADER = "AOEPort/AOEPort-Prefix.pch";
				INFOPLIST_FILE = "AOEPort/AOEPort-Info.plist";
				LIBRARY_SEARCH_PATHS = (
					"$(inherited)",
					"$(PROJECT_DIR)/Pods/build/Debug-iphoneos",
				);
				PRODUCT_NAME = AOEPort;
				PROVISIONING_PROFILE = "";
				SPRITEKIT_TEXTURE_ATLAS_FORMAT = RGBA4444_COMPRESSED;
				SPRITEKIT_TEXTURE_ATLAS_OUTPUT = YES;
				USER_HEADER_SEARCH_PATHS = "\"${PROJECT_DIR}/Pods\"/**";
				WRAPPER_EXTENSION = app;
			};
			name = Debug;
		};
		C8933B3518A1597500116A26 /* Release */ = {
			isa = XCBuildConfiguration;
			buildSettings = {
				ASSETCATALOG_COMPILER_APPICON_NAME = AppIcon;
				ASSETCATALOG_COMPILER_LAUNCHIMAGE_NAME = LaunchImage;
				CODE_SIGN_IDENTITY = "iPhone Developer";
				"CODE_SIGN_IDENTITY[sdk=iphoneos*]" = "iPhone Developer";
				GCC_PRECOMPILE_PREFIX_HEADER = YES;
				GCC_PREFIX_HEADER = "AOEPort/AOEPort-Prefix.pch";
				INFOPLIST_FILE = "AOEPort/AOEPort-Info.plist";
				LIBRARY_SEARCH_PATHS = (
					"$(inherited)",
					"$(PROJECT_DIR)/Pods/build/Debug-iphoneos",
				);
				PRODUCT_NAME = AOEPort;
				PROVISIONING_PROFILE = "";
				SPRITEKIT_TEXTURE_ATLAS_FORMAT = RGBA4444_COMPRESSED;
				SPRITEKIT_TEXTURE_ATLAS_OUTPUT = YES;
				USER_HEADER_SEARCH_PATHS = "\"${PROJECT_DIR}/Pods\"/**";
				WRAPPER_EXTENSION = app;
			};
			name = Release;
		};
		C8933B3718A1597500116A26 /* Debug */ = {
			isa = XCBuildConfiguration;
			baseConfigurationReference = 8407EBC5736B4A96BB52C20E /* Pods-AOEPortTests.xcconfig */;
			buildSettings = {
				BUNDLE_LOADER = "$(BUILT_PRODUCTS_DIR)/AOEPort.app/AOEPort";
				FRAMEWORK_SEARCH_PATHS = (
					"$(SDKROOT)/Developer/Library/Frameworks",
					"$(inherited)",
					"$(DEVELOPER_FRAMEWORKS_DIR)",
				);
				GCC_PRECOMPILE_PREFIX_HEADER = YES;
				GCC_PREFIX_HEADER = "AOEPort/AOEPort-Prefix.pch";
				GCC_PREPROCESSOR_DEFINITIONS = (
					"DEBUG=1",
					"$(inherited)",
				);
				INFOPLIST_FILE = "AOEPortTests/AOEPortTests-Info.plist";
				"OTHER_LDFLAGS[arch=*]" = (
					"-ObjC",
					"-framework",
					XCTest,
				);
				PRODUCT_NAME = AOEPortTests;
				TEST_HOST = "$(BUNDLE_LOADER)";
				WRAPPER_EXTENSION = xctest;
			};
			name = Debug;
		};
		C8933B3818A1597500116A26 /* Release */ = {
			isa = XCBuildConfiguration;
			baseConfigurationReference = 8407EBC5736B4A96BB52C20E /* Pods-AOEPortTests.xcconfig */;
			buildSettings = {
				BUNDLE_LOADER = "$(BUILT_PRODUCTS_DIR)/AOEPort.app/AOEPort";
				FRAMEWORK_SEARCH_PATHS = (
					"$(SDKROOT)/Developer/Library/Frameworks",
					"$(inherited)",
					"$(DEVELOPER_FRAMEWORKS_DIR)",
				);
				GCC_PRECOMPILE_PREFIX_HEADER = YES;
				GCC_PREFIX_HEADER = "AOEPort/AOEPort-Prefix.pch";
				INFOPLIST_FILE = "AOEPortTests/AOEPortTests-Info.plist";
				PRODUCT_NAME = AOEPortTests;
				TEST_HOST = "$(BUNDLE_LOADER)";
				WRAPPER_EXTENSION = xctest;
			};
			name = Release;
		};
/* End XCBuildConfiguration section */

/* Begin XCConfigurationList section */
		C8933AF218A1597500116A26 /* Build configuration list for PBXProject "AOEPort" */ = {
			isa = XCConfigurationList;
			buildConfigurations = (
				C8933B3118A1597500116A26 /* Debug */,
				C8933B3218A1597500116A26 /* Release */,
			);
			defaultConfigurationIsVisible = 0;
			defaultConfigurationName = Release;
		};
		C8933B3318A1597500116A26 /* Build configuration list for PBXNativeTarget "AOEPort" */ = {
			isa = XCConfigurationList;
			buildConfigurations = (
				C8933B3418A1597500116A26 /* Debug */,
				C8933B3518A1597500116A26 /* Release */,
			);
			defaultConfigurationIsVisible = 0;
			defaultConfigurationName = Release;
		};
		C8933B3618A1597500116A26 /* Build configuration list for PBXNativeTarget "AOEPortTests" */ = {
			isa = XCConfigurationList;
			buildConfigurations = (
				C8933B3718A1597500116A26 /* Debug */,
				C8933B3818A1597500116A26 /* Release */,
			);
			defaultConfigurationIsVisible = 0;
			defaultConfigurationName = Release;
		};
/* End XCConfigurationList section */
	};
	rootObject = C8933AEF18A1597500116A26 /* Project object */;
}
